{
  "name": "@babymotte/node-red-worterbuch",
  "version": "0.30.1",
  "lockfileVersion": 2,
  "requires": true,
  "packages": {
    "": {
      "name": "@babymotte/node-red-worterbuch",
      "version": "0.30.1",
      "license": "MIT",
      "dependencies": {
        "worterbuch-js": "^0.30.0"
      }
    },
    "node_modules/isomorphic-ws": {
      "version": "5.0.0",
      "resolved": "https://registry.npmjs.org/isomorphic-ws/-/isomorphic-ws-5.0.0.tgz",
      "integrity": "sha512-muId7Zzn9ywDsyXgTIafTry2sV3nySZeUDe6YedVd1Hvuuep5AsIlqK+XefWpYTyJG5e503F2xIuT2lcU6rCSw==",
      "peerDependencies": {
        "ws": "*"
      }
    },
    "node_modules/uuid": {
      "version": "9.0.0",
      "resolved": "https://registry.npmjs.org/uuid/-/uuid-9.0.0.tgz",
      "integrity": "sha512-MXcSTerfPa4uqyzStbRoTgt5XIe3x5+42+q1sDuy3R5MDk66URdLMOZe5aPX/SQd+kuYAh0FdP/pO28IkQyTeg==",
      "bin": {
        "uuid": "dist/bin/uuid"
      }
    },
    "node_modules/worterbuch-js": {
      "version": "0.30.0",
      "resolved": "https://registry.npmjs.org/worterbuch-js/-/worterbuch-js-0.30.0.tgz",
      "integrity": "sha512-7AGgWhnW26FkJd1sI82/Xf2wrKXZFhmwA/9chS16xRxB9addZZsO81OakghAJ55YKtisSCiuDSVyPg06ldlfaw==",
      "dependencies": {
        "isomorphic-ws": "^5.0.0",
        "uuid": "^9.0.0"
      }
    },
    "node_modules/ws": {
      "version": "8.12.0",
      "resolved": "https://registry.npmjs.org/ws/-/ws-8.12.0.tgz",
      "integrity": "sha512-kU62emKIdKVeEIOIKVegvqpXMSTAMLJozpHZaJNDYqBjzlSYXQGviYwN1osDLJ9av68qHd4a2oSjd7yD4pacig==",
      "peer": true,
      "engines": {
        "node": ">=10.0.0"
      },
      "peerDependencies": {
        "bufferutil": "^4.0.1",
        "utf-8-validate": ">=5.0.2"
      },
      "peerDependenciesMeta": {
        "bufferutil": {
          "optional": true
        },
        "utf-8-validate": {
          "optional": true
        }
      }
    }
  },
  "dependencies": {
    "isomorphic-ws": {
      "version": "5.0.0",
      "resolved": "https://registry.npmjs.org/isomorphic-ws/-/isomorphic-ws-5.0.0.tgz",
      "integrity": "sha512-muId7Zzn9ywDsyXgTIafTry2sV3nySZeUDe6YedVd1Hvuuep5AsIlqK+XefWpYTyJG5e503F2xIuT2lcU6rCSw==",
      "requires": {}
    },
    "uuid": {
      "version": "9.0.0",
      "resolved": "https://registry.npmjs.org/uuid/-/uuid-9.0.0.tgz",
      "integrity": "sha512-MXcSTerfPa4uqyzStbRoTgt5XIe3x5+42+q1sDuy3R5MDk66URdLMOZe5aPX/SQd+kuYAh0FdP/pO28IkQyTeg=="
    },
    "worterbuch-js": {
      "version": "0.30.0",
      "resolved": "https://registry.npmjs.org/worterbuch-js/-/worterbuch-js-0.30.0.tgz",
      "integrity": "sha512-7AGgWhnW26FkJd1sI82/Xf2wrKXZFhmwA/9chS16xRxB9addZZsO81OakghAJ55YKtisSCiuDSVyPg06ldlfaw==",
      "requires": {
        "isomorphic-ws": "^5.0.0",
        "uuid": "^9.0.0"
      }
    },
    "ws": {
      "version": "8.12.0",
      "resolved": "https://registry.npmjs.org/ws/-/ws-8.12.0.tgz",
      "integrity": "sha512-kU62emKIdKVeEIOIKVegvqpXMSTAMLJozpHZaJNDYqBjzlSYXQGviYwN1osDLJ9av68qHd4a2oSjd7yD4pacig==",
      "peer": true,
      "requires": {}
    }
  }
}
